
Microsoft Visual Studio Solution File, Format Version 12.00
# Visual Studio 15
VisualStudioVersion = 15.0.27703.2000
MinimumVisualStudioVersion = 10.0.40219.1
Project("{FAE04EC0-301F-11D3-BF4B-00C04F79EFBC}") = "Lucky numbers (cathy)", "Lucky numbers (cathy)\Lucky numbers (cathy).csproj", "{88171464-AC34-4EB8-83B6-AFA6D66A11CC}"
EndProject
Global
	GlobalSection(SolutionConfigurationPlatforms) = preSolution
		Debug|Any CPU = Debug|Any CPU
		Release|Any CPU = Release|Any CPU
	EndGlobalSection
	GlobalSection(ProjectConfigurationPlatforms) = postSolution
		{88171464-AC34-4EB8-83B6-AFA6D66A11CC}.Debug|Any CPU.ActiveCfg = Debug|Any CPU
		{88171464-AC34-4EB8-83B6-AFA6D66A11CC}.Debug|Any CPU.Build.0 = Debug|Any CPU
		{88171464-AC34-4EB8-83B6-AFA6D66A11CC}.Release|Any CPU.ActiveCfg = Release|Any CPU
		{88171464-AC34-4EB8-83B6-AFA6D66A11CC}.Release|Any CPU.Build.0 = Release|Any CPU
	EndGlobalSection
	GlobalSection(SolutionProperties) = preSolution
		HideSolutionNode = FALSE
	EndGlobalSection
	GlobalSection(ExtensibilityGlobals) = postSolution
		SolutionGuid = {82A61017-9B57-4FBE-99FB-7725C9BC5BF3}
	EndGlobalSection
EndGlobal
